{
  "name": "otakumesi.github.io",
  "version": "0.1.0",
  "lockfileVersion": 1,
  "requires": true,
  "dependencies": {
    "hoist-non-react-statics": {
      "version": "2.5.0",
      "resolved": "https://registry.npmjs.org/hoist-non-react-statics/-/hoist-non-react-statics-2.5.0.tgz",
      "integrity": "sha512-6Bl6XsDT1ntE0lHbIhr4Kp2PGcleGZ66qu5Jqk8lc0Xc/IeG6gVLmwUGs/K0Us+L8VWoKgj0uWdPMataOsm31w=="
    },
    "mobx": {
      "version": "4.3.1",
      "resolved": "https://registry.npmjs.org/mobx/-/mobx-4.3.1.tgz",
      "integrity": "sha1-M05aq0kWsdQ/D682BaZLG0s8y40="
    },
    "mobx-react": {
      "version": "5.2.0",
      "resolved": "https://registry.npmjs.org/mobx-react/-/mobx-react-5.2.0.tgz",
      "integrity": "sha1-0fw21iMahNDKVOvqqmkocoWdNik=",
      "requires": {
        "hoist-non-react-statics": "2.5.0",
        "react-lifecycles-compat": "3.0.4"
      }
    },
    "react-lifecycles-compat": {
      "version": "3.0.4",
      "resolved": "https://registry.npmjs.org/react-lifecycles-compat/-/react-lifecycles-compat-3.0.4.tgz",
      "integrity": "sha512-fBASbA6LnOU9dOU2eW7aQ8xmYBSXUIWr+UmF9b1efZBazGNO+rcXT/icdKnYm2pTwcRylVUYwW7H1PHfLekVzA=="
    }
  }
}
